
Microsoft Visual Studio Solution File, Format Version 12.00
# Visual Studio 15
VisualStudioVersion = 15.0.28307.757
MinimumVisualStudioVersion = 10.0.40219.1
Project("{FAE04EC0-301F-11D3-BF4B-00C04F79EFBC}") = "Tailleur", "Tailleur\Tailleur.csproj", "{9489FEBB-83E8-4F71-BF73-6ECFCE31977A}"
EndProject
Global
	GlobalSection(SolutionConfigurationPlatforms) = preSolution
		Debug|Any CPU = Debug|Any CPU
		Release|Any CPU = Release|Any CPU
	EndGlobalSection
	GlobalSection(ProjectConfigurationPlatforms) = postSolution
		{9489FEBB-83E8-4F71-BF73-6ECFCE31977A}.Debug|Any CPU.ActiveCfg = Debug|Any CPU
		{9489FEBB-83E8-4F71-BF73-6ECFCE31977A}.Debug|Any CPU.Build.0 = Debug|Any CPU
		{9489FEBB-83E8-4F71-BF73-6ECFCE31977A}.Release|Any CPU.ActiveCfg = Release|Any CPU
		{9489FEBB-83E8-4F71-BF73-6ECFCE31977A}.Release|Any CPU.Build.0 = Release|Any CPU
	EndGlobalSection
	GlobalSection(SolutionProperties) = preSolution
		HideSolutionNode = FALSE
	EndGlobalSection
	GlobalSection(ExtensibilityGlobals) = postSolution
		SolutionGuid = {E0585B86-6FF4-4473-897F-EDBA5E677002}
	EndGlobalSection
EndGlobal
